
Microsoft Visual Studio Solution File, Format Version 12.00
# Visual Studio Version 17
VisualStudioVersion = 17.1.32210.238
MinimumVisualStudioVersion = 10.0.40219.1
Project("{9A19103F-16F7-4668-BE54-9A1E7A4F7556}") = "MySQLBackup", "MySQLBackup\MySQLBackup.csproj", "{C664AE22-A4CB-46B0-89C2-91819AE057DE}"
EndProject
Global
	GlobalSection(SolutionConfigurationPlatforms) = preSolution
		Debug|Any CPU = Debug|Any CPU
		Release|Any CPU = Release|Any CPU
	EndGlobalSection
	GlobalSection(ProjectConfigurationPlatforms) = postSolution
		{C664AE22-A4CB-46B0-89C2-91819AE057DE}.Debug|Any CPU.ActiveCfg = Debug|Any CPU
		{C664AE22-A4CB-46B0-89C2-91819AE057DE}.Debug|Any CPU.Build.0 = Debug|Any CPU
		{C664AE22-A4CB-46B0-89C2-91819AE057DE}.Release|Any CPU.ActiveCfg = Release|Any CPU
		{C664AE22-A4CB-46B0-89C2-91819AE057DE}.Release|Any CPU.Build.0 = Release|Any CPU
	EndGlobalSection
	GlobalSection(SolutionProperties) = preSolution
		HideSolutionNode = FALSE
	EndGlobalSection
	GlobalSection(ExtensibilityGlobals) = postSolution
		SolutionGuid = {67FF3BF8-038E-480B-82FB-2A44FDADB458}
	EndGlobalSection
EndGlobal
